
Microsoft Visual Studio Solution File, Format Version 12.00
# Visual Studio Version 16
VisualStudioVersion = 16.0.32630.194
MinimumVisualStudioVersion = 10.0.40219.1
Project("{8BC9CEB8-8B4A-11D0-8D11-00A0C91BC942}") = "poissonReconstruction", "poissonReconstruction\poissonReconstruction.vcxproj", "{546A4979-185E-47FA-827F-D11F268FA243}"
EndProject
Global
	GlobalSection(SolutionConfigurationPlatforms) = preSolution
		Debug|x64 = Debug|x64
		Debug|x86 = Debug|x86
		Release|x64 = Release|x64
		Release|x86 = Release|x86
	EndGlobalSection
	GlobalSection(ProjectConfigurationPlatforms) = postSolution
		{546A4979-185E-47FA-827F-D11F268FA243}.Debug|x64.ActiveCfg = Debug|x64
		{546A4979-185E-47FA-827F-D11F268FA243}.Debug|x64.Build.0 = Debug|x64
		{546A4979-185E-47FA-827F-D11F268FA243}.Debug|x86.ActiveCfg = Debug|Win32
		{546A4979-185E-47FA-827F-D11F268FA243}.Debug|x86.Build.0 = Debug|Win32
		{546A4979-185E-47FA-827F-D11F268FA243}.Release|x64.ActiveCfg = Release|x64
		{546A4979-185E-47FA-827F-D11F268FA243}.Release|x64.Build.0 = Release|x64
		{546A4979-185E-47FA-827F-D11F268FA243}.Release|x86.ActiveCfg = Release|Win32
		{546A4979-185E-47FA-827F-D11F268FA243}.Release|x86.Build.0 = Release|Win32
	EndGlobalSection
	GlobalSection(SolutionProperties) = preSolution
		HideSolutionNode = FALSE
	EndGlobalSection
	GlobalSection(ExtensibilityGlobals) = postSolution
		SolutionGuid = {946E293B-CAD7-4812-A130-9E336440B4EF}
	EndGlobalSection
EndGlobal
